
Microsoft Visual Studio Solution File, Format Version 12.00
# Visual Studio Version 16
VisualStudioVersion = 16.0.32126.315
MinimumVisualStudioVersion = 10.0.40219.1
Project("{FAE04EC0-301F-11D3-BF4B-00C04F79EFBC}") = "Gerenciador", "Gerenciador\Gerenciador.csproj", "{5222BE18-9187-4821-A2C5-F4D34EFD0888}"
EndProject
Global
	GlobalSection(SolutionConfigurationPlatforms) = preSolution
		Debug|Any CPU = Debug|Any CPU
		Release|Any CPU = Release|Any CPU
	EndGlobalSection
	GlobalSection(ProjectConfigurationPlatforms) = postSolution
		{5222BE18-9187-4821-A2C5-F4D34EFD0888}.Debug|Any CPU.ActiveCfg = Debug|Any CPU
		{5222BE18-9187-4821-A2C5-F4D34EFD0888}.Debug|Any CPU.Build.0 = Debug|Any CPU
		{5222BE18-9187-4821-A2C5-F4D34EFD0888}.Release|Any CPU.ActiveCfg = Release|Any CPU
		{5222BE18-9187-4821-A2C5-F4D34EFD0888}.Release|Any CPU.Build.0 = Release|Any CPU
	EndGlobalSection
	GlobalSection(SolutionProperties) = preSolution
		HideSolutionNode = FALSE
	EndGlobalSection
	GlobalSection(ExtensibilityGlobals) = postSolution
		SolutionGuid = {452B7530-A275-410A-9E8D-472F049FC7EE}
	EndGlobalSection
EndGlobal
